
Microsoft Visual Studio Solution File, Format Version 12.00
# Visual Studio Version 16
VisualStudioVersion = 16.0.30523.141
MinimumVisualStudioVersion = 10.0.40219.1
Project("{FAE04EC0-301F-11D3-BF4B-00C04F79EFBC}") = "CammeraControlWFP", "CammeraControlWFP\CammeraControlWFP.csproj", "{5053EB60-71D3-4FA9-848E-35C2932B770D}"
EndProject
Global
	GlobalSection(SolutionConfigurationPlatforms) = preSolution
		Debug|Any CPU = Debug|Any CPU
		Release|Any CPU = Release|Any CPU
	EndGlobalSection
	GlobalSection(ProjectConfigurationPlatforms) = postSolution
		{5053EB60-71D3-4FA9-848E-35C2932B770D}.Debug|Any CPU.ActiveCfg = Debug|Any CPU
		{5053EB60-71D3-4FA9-848E-35C2932B770D}.Debug|Any CPU.Build.0 = Debug|Any CPU
		{5053EB60-71D3-4FA9-848E-35C2932B770D}.Release|Any CPU.ActiveCfg = Release|Any CPU
		{5053EB60-71D3-4FA9-848E-35C2932B770D}.Release|Any CPU.Build.0 = Release|Any CPU
	EndGlobalSection
	GlobalSection(SolutionProperties) = preSolution
		HideSolutionNode = FALSE
	EndGlobalSection
	GlobalSection(ExtensibilityGlobals) = postSolution
		SolutionGuid = {8F0BC412-9E64-4895-86E5-A202DB20C127}
	EndGlobalSection
EndGlobal
